Microsoft Visual Studio Solution File, Format Version 12.00
# Visual Studio Version 17
VisualStudioVersion = 17.5.2.0
MinimumVisualStudioVersion = 10.0.40219.1
Project("{FAE04EC0-301F-11D3-BF4B-00C04F79EFBC}") = "AuthenticatedStreamClassApp", "AuthenticatedStreamClassApp.csproj", "{0964807B-9251-A6CC-3C04-104CE2A9D575}"
EndProject
Global
	GlobalSection(SolutionConfigurationPlatforms) = preSolution
		Debug|Any CPU = Debug|Any CPU
		Release|Any CPU = Release|Any CPU
	EndGlobalSection
	GlobalSection(ProjectConfigurationPlatforms) = postSolution
		{0964807B-9251-A6CC-3C04-104CE2A9D575}.Debug|Any CPU.ActiveCfg = Debug|Any CPU
		{0964807B-9251-A6CC-3C04-104CE2A9D575}.Debug|Any CPU.Build.0 = Debug|Any CPU
		{0964807B-9251-A6CC-3C04-104CE2A9D575}.Release|Any CPU.ActiveCfg = Release|Any CPU
		{0964807B-9251-A6CC-3C04-104CE2A9D575}.Release|Any CPU.Build.0 = Release|Any CPU
	EndGlobalSection
	GlobalSection(SolutionProperties) = preSolution
		HideSolutionNode = FALSE
	EndGlobalSection
	GlobalSection(ExtensibilityGlobals) = postSolution
		SolutionGuid = {3191E43A-A463-4C5E-94EF-0A22A7CCFBE4}
	EndGlobalSection
EndGlobal
